
Microsoft Visual Studio Solution File, Format Version 12.00
# Visual Studio Version 16
VisualStudioVersion = 16.0.30406.217
MinimumVisualStudioVersion = 10.0.40219.1
Project("{FAE04EC0-301F-11D3-BF4B-00C04F79EFBC}") = "Team Monks Flight Booking System", "Team Monks Flight Booking System\Team Monks Flight Booking System.csproj", "{20492E3E-028B-41A2-B00D-862B014513AA}"
EndProject
Project("{FAE04EC0-301F-11D3-BF4B-00C04F79EFBC}") = "SimpleTestingFlightBookingSystem", "UnitTestProject1\SimpleTestingFlightBookingSystem.csproj", "{71AE4E09-D662-4656-B095-B5CA29B4C2A4}"
EndProject
Project("{FAE04EC0-301F-11D3-BF4B-00C04F79EFBC}") = "UnitTestingUsingNSubstitute", "UnitTestingUsingNSubstitute\UnitTestingUsingNSubstitute.csproj", "{33C7DAA4-D6EC-4502-9536-CFC5153A8BD9}"
EndProject
Project("{FAE04EC0-301F-11D3-BF4B-00C04F79EFBC}") = "UnitTestMockingDatabaseConnection", "UnitTestMockingDatabaseConnection\UnitTestMockingDatabaseConnection.csproj", "{F1DEDACF-C2FC-4209-8194-1DA7E0D66C37}"
EndProject
Global
	GlobalSection(SolutionConfigurationPlatforms) = preSolution
		Debug|Any CPU = Debug|Any CPU
		Release|Any CPU = Release|Any CPU
	EndGlobalSection
	GlobalSection(ProjectConfigurationPlatforms) = postSolution
		{20492E3E-028B-41A2-B00D-862B014513AA}.Debug|Any CPU.ActiveCfg = Debug|Any CPU
		{20492E3E-028B-41A2-B00D-862B014513AA}.Debug|Any CPU.Build.0 = Debug|Any CPU
		{20492E3E-028B-41A2-B00D-862B014513AA}.Release|Any CPU.ActiveCfg = Release|Any CPU
		{20492E3E-028B-41A2-B00D-862B014513AA}.Release|Any CPU.Build.0 = Release|Any CPU
		{71AE4E09-D662-4656-B095-B5CA29B4C2A4}.Debug|Any CPU.ActiveCfg = Debug|Any CPU
		{71AE4E09-D662-4656-B095-B5CA29B4C2A4}.Debug|Any CPU.Build.0 = Debug|Any CPU
		{71AE4E09-D662-4656-B095-B5CA29B4C2A4}.Release|Any CPU.ActiveCfg = Release|Any CPU
		{71AE4E09-D662-4656-B095-B5CA29B4C2A4}.Release|Any CPU.Build.0 = Release|Any CPU
		{33C7DAA4-D6EC-4502-9536-CFC5153A8BD9}.Debug|Any CPU.ActiveCfg = Debug|Any CPU
		{33C7DAA4-D6EC-4502-9536-CFC5153A8BD9}.Debug|Any CPU.Build.0 = Debug|Any CPU
		{33C7DAA4-D6EC-4502-9536-CFC5153A8BD9}.Release|Any CPU.ActiveCfg = Release|Any CPU
		{33C7DAA4-D6EC-4502-9536-CFC5153A8BD9}.Release|Any CPU.Build.0 = Release|Any CPU
		{F1DEDACF-C2FC-4209-8194-1DA7E0D66C37}.Debug|Any CPU.ActiveCfg = Debug|Any CPU
		{F1DEDACF-C2FC-4209-8194-1DA7E0D66C37}.Debug|Any CPU.Build.0 = Debug|Any CPU
		{F1DEDACF-C2FC-4209-8194-1DA7E0D66C37}.Release|Any CPU.ActiveCfg = Release|Any CPU
		{F1DEDACF-C2FC-4209-8194-1DA7E0D66C37}.Release|Any CPU.Build.0 = Release|Any CPU
	EndGlobalSection
	GlobalSection(SolutionProperties) = preSolution
		HideSolutionNode = FALSE
	EndGlobalSection
	GlobalSection(ExtensibilityGlobals) = postSolution
		SolutionGuid = {CA41C71B-CC24-4BDA-85A4-8DA50C436A2E}
	EndGlobalSection
EndGlobal
